
Microsoft Visual Studio Solution File, Format Version 12.00
# Visual Studio 15
VisualStudioVersion = 15.0.26730.3
MinimumVisualStudioVersion = 10.0.40219.1
Project("{FAE04EC0-301F-11D3-BF4B-00C04F79EFBC}") = "WindowsFormsApp1", "WindowsFormsApp1\WindowsFormsApp1.csproj", "{86356064-12FD-450E-B889-1FB33F793EB6}"
EndProject
Global
	GlobalSection(SolutionConfigurationPlatforms) = preSolution
		Debug|Any CPU = Debug|Any CPU
		Release|Any CPU = Release|Any CPU
	EndGlobalSection
	GlobalSection(ProjectConfigurationPlatforms) = postSolution
		{86356064-12FD-450E-B889-1FB33F793EB6}.Debug|Any CPU.ActiveCfg = Debug|Any CPU
		{86356064-12FD-450E-B889-1FB33F793EB6}.Debug|Any CPU.Build.0 = Debug|Any CPU
		{86356064-12FD-450E-B889-1FB33F793EB6}.Release|Any CPU.ActiveCfg = Release|Any CPU
		{86356064-12FD-450E-B889-1FB33F793EB6}.Release|Any CPU.Build.0 = Release|Any CPU
	EndGlobalSection
	GlobalSection(SolutionProperties) = preSolution
		HideSolutionNode = FALSE
	EndGlobalSection
	GlobalSection(ExtensibilityGlobals) = postSolution
		SolutionGuid = {61867CE5-96FE-445A-9E29-78EBAED0C972}
	EndGlobalSection
EndGlobal
